{
  "name": "vanjs-router",
  "lockfileVersion": 3,
  "requires": true,
  "packages": {
    "": {
      "dependencies": {
        "vanjs-core": "^1.2.7",
        "vanjs-router": "^1.1.7"
      }
    },
    "node_modules/vanjs-core": {
      "version": "1.2.7",
      "resolved": "https://registry.npmjs.org/vanjs-core/-/vanjs-core-1.2.7.tgz",
      "integrity": "sha512-NXZg+kf4OmhTTuTnBiCT6uRqeJiKmKSZLWxvGFmBl8Ho648J+GJZJAHB4cu40rcwJDJEH3Xwe8JjquMpa9zxEQ=="
    },
    "node_modules/vanjs-router": {
      "version": "1.1.7",
      "resolved": "https://registry.npmjs.org/vanjs-router/-/vanjs-router-1.1.7.tgz",
      "integrity": "sha512-NwgiH1HnVdtcXYM0y8eH7aidmopWLXTU/NSSt2pjGitl3KwV+W82NNzRNWxpzCkE4p4cjeQOvt8WdR09D93fKw==",
      "dependencies": {
        "vanjs-core": "^1.2.7"
      }
    }
  }
}
