{
  "name": "vanjs-router",
  "lockfileVersion": 3,
  "requires": true,
  "packages": {
    "": {
      "dependencies": {
        "vanjs-core": "^1.2.7",
        "vanjs-router": "^1.1.6"
      }
    },
    "node_modules/vanjs-core": {
      "version": "1.2.7",
      "resolved": "https://registry.npmjs.org/vanjs-core/-/vanjs-core-1.2.7.tgz",
      "integrity": "sha512-NXZg+kf4OmhTTuTnBiCT6uRqeJiKmKSZLWxvGFmBl8Ho648J+GJZJAHB4cu40rcwJDJEH3Xwe8JjquMpa9zxEQ=="
    },
    "node_modules/vanjs-router": {
      "version": "1.1.6",
      "resolved": "https://registry.npmjs.org/vanjs-router/-/vanjs-router-1.1.6.tgz",
      "integrity": "sha512-qbuAC1yV5+0Yki4GaZgu5wzZokf/AhqzXUxIdSUraRFgiuROz0uv4KjCOEW/bTni39HCkLxOHlcd4KgpDYOZiA==",
      "dependencies": {
        "vanjs-core": "^1.2.7"
      }
    }
  }
}
