{
    "name": "demo",
    "lockfileVersion": 3,
    "requires": true,
    "packages": {
        "": {
            "dependencies": {
                "vanjs-core": "^1.2.7",
                "vanjs-router": "^1.1.4"
            }
        },
        "node_modules/vanjs-core": {
            "version": "1.2.7",
            "resolved": "https://registry.npmjs.org/vanjs-core/-/vanjs-core-1.2.7.tgz",
            "integrity": "sha512-NXZg+kf4OmhTTuTnBiCT6uRqeJiKmKSZLWxvGFmBl8Ho648J+GJZJAHB4cu40rcwJDJEH3Xwe8JjquMpa9zxEQ=="
        },
        "node_modules/vanjs-router": {
            "version": "1.1.4",
            "resolved": "https://registry.npmjs.org/vanjs-router/-/vanjs-router-1.1.4.tgz",
            "integrity": "sha512-SUd3KtDea8W9W9GIVyz96WXlhxtTD/mtzb6MNGBksVgDkE6yEvYnA2Bccs06udM7O3xaBdSYCQURuK0B8qM34g==",
            "dependencies": {
                "vanjs-core": "^1.2.7"
            }
        }
    }
}
